
Microsoft Visual Studio Solution File, Format Version 12.00
# Visual Studio Version 16
VisualStudioVersion = 16.0.30523.141
MinimumVisualStudioVersion = 10.0.40219.1
Project("{8BC9CEB8-8B4A-11D0-8D11-00A0C91BC942}") = "TF2-xtrnl", "TF2-xtrnl\TF2-xtrnl.vcxproj", "{3ED89B6A-9E03-42F3-898D-D015A389E7A5}"
EndProject
Global
	GlobalSection(SolutionConfigurationPlatforms) = preSolution
		Debug|x64 = Debug|x64
		Debug|x86 = Debug|x86
		Release|x64 = Release|x64
		Release|x86 = Release|x86
	EndGlobalSection
	GlobalSection(ProjectConfigurationPlatforms) = postSolution
		{3ED89B6A-9E03-42F3-898D-D015A389E7A5}.Debug|x64.ActiveCfg = Debug|x64
		{3ED89B6A-9E03-42F3-898D-D015A389E7A5}.Debug|x64.Build.0 = Debug|x64
		{3ED89B6A-9E03-42F3-898D-D015A389E7A5}.Debug|x86.ActiveCfg = Debug|Win32
		{3ED89B6A-9E03-42F3-898D-D015A389E7A5}.Debug|x86.Build.0 = Debug|Win32
		{3ED89B6A-9E03-42F3-898D-D015A389E7A5}.Release|x64.ActiveCfg = Release|x64
		{3ED89B6A-9E03-42F3-898D-D015A389E7A5}.Release|x64.Build.0 = Release|x64
		{3ED89B6A-9E03-42F3-898D-D015A389E7A5}.Release|x86.ActiveCfg = Release|Win32
		{3ED89B6A-9E03-42F3-898D-D015A389E7A5}.Release|x86.Build.0 = Release|Win32
	EndGlobalSection
	GlobalSection(SolutionProperties) = preSolution
		HideSolutionNode = FALSE
	EndGlobalSection
	GlobalSection(ExtensibilityGlobals) = postSolution
		SolutionGuid = {F4DCDC28-70FF-4C03-9B31-FA5686B5B084}
	EndGlobalSection
EndGlobal
