<?xml version="1.0" encoding="utf-8"?>
<Project ToolsVersion="4.0" xmlns="http://schemas.microsoft.com/developer/msbuild/2003">
  <ItemGroup>
    <ClCompile Include="src\Features\AutoJump\AutoJump.cpp" />
    <ClCompile Include="src\SDK\Include\Client\Client.cpp" />
    <ClCompile Include="src\SDK\Include\Engine\Engine.cpp" />
    <ClCompile Include="src\SDK\Include\Entity\Entity.cpp" />
    <ClCompile Include="src\SDK\Include\EntityCache\EntityCache.cpp" />
    <ClCompile Include="src\SDK\Include\EntityList\EntityList.cpp" />
    <ClCompile Include="src\Utils\Process\Process.cpp" />
    <ClCompile Include="src\Main.cpp" />
    <ClCompile Include="src\Features\Glow\Glow.cpp" />
    <ClCompile Include="src\Features\Aimbot\Aimbot.cpp" />
  </ItemGroup>
  <ItemGroup>
    <ClInclude Include="src\Features\AutoJump\AutoJump.h" />
    <ClInclude Include="src\Features\Features.h" />
    <ClInclude Include="src\SDK\Include\Client\Client.h" />
    <ClInclude Include="src\SDK\Include\Engine\Engine.h" />
    <ClInclude Include="src\SDK\Include\Entity\Entity.h" />
    <ClInclude Include="src\SDK\Include\EntityCache\EntityCache.h" />
    <ClInclude Include="src\SDK\Include\EntityList\EntityList.h" />
    <ClInclude Include="src\SDK\Include\Defines.h" />
    <ClInclude Include="src\SDK\Include\Offsets.h" />
    <ClInclude Include="src\SDK\SDK.h" />
    <ClInclude Include="src\Utils\Math\Math.h" />
    <ClInclude Include="src\Utils\Math\Vector.h" />
    <ClInclude Include="src\Utils\Process\Process.h" />
    <ClInclude Include="src\Utils\Utils.h" />
    <ClInclude Include="src\Features\Glow\Glow.h" />
    <ClInclude Include="src\Utils\Color\Color.h" />
    <ClInclude Include="src\Features\Aimbot\Aimbot.h" />
  </ItemGroup>
</Project>